// !$*UTF8*$!
{
	archiveVersion = 1;
	classes = {
	};
	objectVersion = 56;
	objects = {

/* Begin PBXBuildFile section */
		9BC9A9542C5B1CB1001C781F /* Fetch_iOSChallengeApp.swift in Sources */ = {isa = PBXBuildFile; fileRef = 9BC9A9532C5B1CB1001C781F /* Fetch_iOSChallengeApp.swift */; };
		9BC9A9562C5B1CB1001C781F /* DessertListView.swift in Sources */ = {isa = PBXBuildFile; fileRef = 9BC9A9552C5B1CB1001C781F /* DessertListView.swift */; };
		9BC9A9582C5B1CB2001C781F /* Assets.xcassets in Resources */ = {isa = PBXBuildFile; fileRef = 9BC9A9572C5B1CB2001C781F /* Assets.xcassets */; };
		9BC9A95B2C5B1CB2001C781F /* Preview Assets.xcassets in Resources */ = {isa = PBXBuildFile; fileRef = 9BC9A95A2C5B1CB2001C781F /* Preview Assets.xcassets */; };
		9BC9A9672C5B2018001C781F /* DessertListViewModel.swift in Sources */ = {isa = PBXBuildFile; fileRef = 9BC9A9662C5B2018001C781F /* DessertListViewModel.swift */; };
		9BC9A96A2C5B2184001C781F /* FoodModel.swift in Sources */ = {isa = PBXBuildFile; fileRef = 9BC9A9692C5B2184001C781F /* FoodModel.swift */; };
		9BC9A96C2C5B2F9C001C781F /* DessertDetailView.swift in Sources */ = {isa = PBXBuildFile; fileRef = 9BC9A96B2C5B2F9C001C781F /* DessertDetailView.swift */; };
		9BC9A96E2C5B3003001C781F /* DessertDetailViewModel.swift in Sources */ = {isa = PBXBuildFile; fileRef = 9BC9A96D2C5B3003001C781F /* DessertDetailViewModel.swift */; };
		9BC9A9702C5B30C1001C781F /* FoodDetailModel.swift in Sources */ = {isa = PBXBuildFile; fileRef = 9BC9A96F2C5B30C1001C781F /* FoodDetailModel.swift */; };
/* End PBXBuildFile section */

/* Begin PBXFileReference section */
		9BC9A9502C5B1CB1001C781F /* Fetch-iOSChallenge.app */ = {isa = PBXFileReference; explicitFileType = wrapper.application; includeInIndex = 0; path = "Fetch-iOSChallenge.app"; sourceTree = BUILT_PRODUCTS_DIR; };
		9BC9A9532C5B1CB1001C781F /* Fetch_iOSChallengeApp.swift */ = {isa = PBXFileReference; lastKnownFileType = sourcecode.swift; path = Fetch_iOSChallengeApp.swift; sourceTree = "<group>"; };
		9BC9A9552C5B1CB1001C781F /* DessertListView.swift */ = {isa = PBXFileReference; lastKnownFileType = sourcecode.swift; path = DessertListView.swift; sourceTree = "<group>"; };
		9BC9A9572C5B1CB2001C781F /* Assets.xcassets */ = {isa = PBXFileReference; lastKnownFileType = folder.assetcatalog; path = Assets.xcassets; sourceTree = "<group>"; };
		9BC9A95A2C5B1CB2001C781F /* Preview Assets.xcassets */ = {isa = PBXFileReference; lastKnownFileType = folder.assetcatalog; path = "Preview Assets.xcassets"; sourceTree = "<group>"; };
		9BC9A9662C5B2018001C781F /* DessertListViewModel.swift */ = {isa = PBXFileReference; lastKnownFileType = sourcecode.swift; path = DessertListViewModel.swift; sourceTree = "<group>"; };
		9BC9A9692C5B2184001C781F /* FoodModel.swift */ = {isa = PBXFileReference; lastKnownFileType = sourcecode.swift; path = FoodModel.swift; sourceTree = "<group>"; };
		9BC9A96B2C5B2F9C001C781F /* DessertDetailView.swift */ = {isa = PBXFileReference; lastKnownFileType = sourcecode.swift; path = DessertDetailView.swift; sourceTree = "<group>"; };
		9BC9A96D2C5B3003001C781F /* DessertDetailViewModel.swift */ = {isa = PBXFileReference; lastKnownFileType = sourcecode.swift; path = DessertDetailViewModel.swift; sourceTree = "<group>"; };
		9BC9A96F2C5B30C1001C781F /* FoodDetailModel.swift */ = {isa = PBXFileReference; lastKnownFileType = sourcecode.swift; path = FoodDetailModel.swift; sourceTree = "<group>"; };
/* End PBXFileReference section */

/* Begin PBXFrameworksBuildPhase section */
		9BC9A94D2C5B1CB1001C781F /* Frameworks */ = {
			isa = PBXFrameworksBuildPhase;
			buildActionMask = 2147483647;
			files = (
			);
			runOnlyForDeploymentPostprocessing = 0;
		};
/* End PBXFrameworksBuildPhase section */

/* Begin PBXGroup section */
		9BC9A9472C5B1CB1001C781F = {
			isa = PBXGroup;
			children = (
				9BC9A9522C5B1CB1001C781F /* Fetch-iOSChallenge */,
				9BC9A9512C5B1CB1001C781F /* Products */,
			);
			sourceTree = "<group>";
		};
		9BC9A9512C5B1CB1001C781F /* Products */ = {
			isa = PBXGroup;
			children = (
				9BC9A9502C5B1CB1001C781F /* Fetch-iOSChallenge.app */,
			);
			name = Products;
			sourceTree = "<group>";
		};
		9BC9A9522C5B1CB1001C781F /* Fetch-iOSChallenge */ = {
			isa = PBXGroup;
			children = (
				9BC9A9532C5B1CB1001C781F /* Fetch_iOSChallengeApp.swift */,
				9BC9A9682C5B2175001C781F /* Models */,
				9BC9A9612C5B1E54001C781F /* Views */,
				9BC9A9572C5B1CB2001C781F /* Assets.xcassets */,
				9BC9A9592C5B1CB2001C781F /* Preview Content */,
			);
			path = "Fetch-iOSChallenge";
			sourceTree = "<group>";
		};
		9BC9A9592C5B1CB2001C781F /* Preview Content */ = {
			isa = PBXGroup;
			children = (
				9BC9A95A2C5B1CB2001C781F /* Preview Assets.xcassets */,
			);
			path = "Preview Content";
			sourceTree = "<group>";
		};
		9BC9A9612C5B1E54001C781F /* Views */ = {
			isa = PBXGroup;
			children = (
				9BC9A9622C5B1E60001C781F /* ViewModels */,
				9BC9A9552C5B1CB1001C781F /* DessertListView.swift */,
				9BC9A96B2C5B2F9C001C781F /* DessertDetailView.swift */,
			);
			path = Views;
			sourceTree = "<group>";
		};
		9BC9A9622C5B1E60001C781F /* ViewModels */ = {
			isa = PBXGroup;
			children = (
				9BC9A9662C5B2018001C781F /* DessertListViewModel.swift */,
				9BC9A96D2C5B3003001C781F /* DessertDetailViewModel.swift */,
			);
			path = ViewModels;
			sourceTree = "<group>";
		};
		9BC9A9682C5B2175001C781F /* Models */ = {
			isa = PBXGroup;
			children = (
				9BC9A9692C5B2184001C781F /* FoodModel.swift */,
				9BC9A96F2C5B30C1001C781F /* FoodDetailModel.swift */,
			);
			path = Models;
			sourceTree = "<group>";
		};
/* End PBXGroup section */

/* Begin PBXNativeTarget section */
		9BC9A94F2C5B1CB1001C781F /* Fetch-iOSChallenge */ = {
			isa = PBXNativeTarget;
			buildConfigurationList = 9BC9A95E2C5B1CB2001C781F /* Build configuration list for PBXNativeTarget "Fetch-iOSChallenge" */;
			buildPhases = (
				9BC9A94C2C5B1CB1001C781F /* Sources */,
				9BC9A94D2C5B1CB1001C781F /* Frameworks */,
				9BC9A94E2C5B1CB1001C781F /* Resources */,
			);
			buildRules = (
			);
			dependencies = (
			);
			name = "Fetch-iOSChallenge";
			productName = "Fetch-iOSChallenge";
			productReference = 9BC9A9502C5B1CB1001C781F /* Fetch-iOSChallenge.app */;
			productType = "com.apple.product-type.application";
		};
/* End PBXNativeTarget section */

/* Begin PBXProject section */
		9BC9A9482C5B1CB1001C781F /* Project object */ = {
			isa = PBXProject;
			attributes = {
				BuildIndependentTargetsInParallel = 1;
				LastSwiftUpdateCheck = 1540;
				LastUpgradeCheck = 1540;
				TargetAttributes = {
					9BC9A94F2C5B1CB1001C781F = {
						CreatedOnToolsVersion = 15.4;
					};
				};
			};
			buildConfigurationList = 9BC9A94B2C5B1CB1001C781F /* Build configuration list for PBXProject "Fetch-iOSChallenge" */;
			compatibilityVersion = "Xcode 14.0";
			developmentRegion = en;
			hasScannedForEncodings = 0;
			knownRegions = (
				en,
				Base,
			);
			mainGroup = 9BC9A9472C5B1CB1001C781F;
			productRefGroup = 9BC9A9512C5B1CB1001C781F /* Products */;
			projectDirPath = "";
			projectRoot = "";
			targets = (
				9BC9A94F2C5B1CB1001C781F /* Fetch-iOSChallenge */,
			);
		};
/* End PBXProject section */

/* Begin PBXResourcesBuildPhase section */
		9BC9A94E2C5B1CB1001C781F /* Resources */ = {
			isa = PBXResourcesBuildPhase;
			buildActionMask = 2147483647;
			files = (
				9BC9A95B2C5B1CB2001C781F /* Preview Assets.xcassets in Resources */,
				9BC9A9582C5B1CB2001C781F /* Assets.xcassets in Resources */,
			);
			runOnlyForDeploymentPostprocessing = 0;
		};
/* End PBXResourcesBuildPhase section */

/* Begin PBXSourcesBuildPhase section */
		9BC9A94C2C5B1CB1001C781F /* Sources */ = {
			isa = PBXSourcesBuildPhase;
			buildActionMask = 2147483647;
			files = (
				9BC9A9562C5B1CB1001C781F /* DessertListView.swift in Sources */,
				9BC9A9672C5B2018001C781F /* DessertListViewModel.swift in Sources */,
				9BC9A9702C5B30C1001C781F /* FoodDetailModel.swift in Sources */,
				9BC9A96E2C5B3003001C781F /* DessertDetailViewModel.swift in Sources */,
				9BC9A96C2C5B2F9C001C781F /* DessertDetailView.swift in Sources */,
				9BC9A9542C5B1CB1001C781F /* Fetch_iOSChallengeApp.swift in Sources */,
				9BC9A96A2C5B2184001C781F /* FoodModel.swift in Sources */,
			);
			runOnlyForDeploymentPostprocessing = 0;
		};
/* End PBXSourcesBuildPhase section */

/* Begin XCBuildConfiguration section */
		9BC9A95C2C5B1CB2001C781F /* Debug */ = {
			isa = XCBuildConfiguration;
			buildSettings = {
				ALWAYS_SEARCH_USER_PATHS = NO;
				ASSETCATALOG_COMPILER_GENERATE_SWIFT_ASSET_SYMBOL_EXTENSIONS = YES;
				CLANG_ANALYZER_NONNULL = YES;
				CLANG_ANALYZER_NUMBER_OBJECT_CONVERSION = YES_AGGRESSIVE;
				CLANG_CXX_LANGUAGE_STANDARD = "gnu++20";
				CLANG_ENABLE_MODULES = YES;
				CLANG_ENABLE_OBJC_ARC = YES;
				CLANG_ENABLE_OBJC_WEAK = YES;
				CLANG_WARN_BLOCK_CAPTURE_AUTORELEASING = YES;
				CLANG_WARN_BOOL_CONVERSION = YES;
				CLANG_WARN_COMMA = YES;
				CLANG_WARN_CONSTANT_CONVERSION = YES;
				CLANG_WARN_DEPRECATED_OBJC_IMPLEMENTATIONS = YES;
				CLANG_WARN_DIRECT_OBJC_ISA_USAGE = YES_ERROR;
				CLANG_WARN_DOCUMENTATION_COMMENTS = YES;
				CLANG_WARN_EMPTY_BODY = YES;
				CLANG_WARN_ENUM_CONVERSION = YES;
				CLANG_WARN_INFINITE_RECURSION = YES;
				CLANG_WARN_INT_CONVERSION = YES;
				CLANG_WARN_NON_LITERAL_NULL_CONVERSION = YES;
				CLANG_WARN_OBJC_IMPLICIT_RETAIN_SELF = YES;
				CLANG_WARN_OBJC_LITERAL_CONVERSION = YES;
				CLANG_WARN_OBJC_ROOT_CLASS = YES_ERROR;
				CLANG_WARN_QUOTED_INCLUDE_IN_FRAMEWORK_HEADER = YES;
				CLANG_WARN_RANGE_LOOP_ANALYSIS = YES;
				CLANG_WARN_STRICT_PROTOTYPES = YES;
				CLANG_WARN_SUSPICIOUS_MOVE = YES;
				CLANG_WARN_UNGUARDED_AVAILABILITY = YES_AGGRESSIVE;
				CLANG_WARN_UNREACHABLE_CODE = YES;
				CLANG_WARN__DUPLICATE_METHOD_MATCH = YES;
				COPY_PHASE_STRIP = NO;
				DEBUG_INFORMATION_FORMAT = dwarf;
				ENABLE_STRICT_OBJC_MSGSEND = YES;
				ENABLE_TESTABILITY = YES;
				ENABLE_USER_SCRIPT_SANDBOXING = YES;
				GCC_C_LANGUAGE_STANDARD = gnu17;
				GCC_DYNAMIC_NO_PIC = NO;
				GCC_NO_COMMON_BLOCKS = YES;
				GCC_OPTIMIZATION_LEVEL = 0;
				GCC_PREPROCESSOR_DEFINITIONS = (
					"DEBUG=1",
					"$(inherited)",
				);
				GCC_WARN_64_TO_32_BIT_CONVERSION = YES;
				GCC_WARN_ABOUT_RETURN_TYPE = YES_ERROR;
				GCC_WARN_UNDECLARED_SELECTOR = YES;
				GCC_WARN_UNINITIALIZED_AUTOS = YES_AGGRESSIVE;
				GCC_WARN_UNUSED_FUNCTION = YES;
				GCC_WARN_UNUSED_VARIABLE = YES;
				IPHONEOS_DEPLOYMENT_TARGET = 17.5;
				LOCALIZATION_PREFERS_STRING_CATALOGS = YES;
				MTL_ENABLE_DEBUG_INFO = INCLUDE_SOURCE;
				MTL_FAST_MATH = YES;
				ONLY_ACTIVE_ARCH = YES;
				SDKROOT = iphoneos;
				SWIFT_ACTIVE_COMPILATION_CONDITIONS = "DEBUG $(inherited)";
				SWIFT_OPTIMIZATION_LEVEL = "-Onone";
			};
			name = Debug;
		};
		9BC9A95D2C5B1CB2001C781F /* Release */ = {
			isa = XCBuildConfiguration;
			buildSettings = {
				ALWAYS_SEARCH_USER_PATHS = NO;
				ASSETCATALOG_COMPILER_GENERATE_SWIFT_ASSET_SYMBOL_EXTENSIONS = YES;
				CLANG_ANALYZER_NONNULL = YES;
				CLANG_ANALYZER_NUMBER_OBJECT_CONVERSION = YES_AGGRESSIVE;
				CLANG_CXX_LANGUAGE_STANDARD = "gnu++20";
				CLANG_ENABLE_MODULES = YES;
				CLANG_ENABLE_OBJC_ARC = YES;
				CLANG_ENABLE_OBJC_WEAK = YES;
				CLANG_WARN_BLOCK_CAPTURE_AUTORELEASING = YES;
				CLANG_WARN_BOOL_CONVERSION = YES;
				CLANG_WARN_COMMA = YES;
				CLANG_WARN_CONSTANT_CONVERSION = YES;
				CLANG_WARN_DEPRECATED_OBJC_IMPLEMENTATIONS = YES;
				CLANG_WARN_DIRECT_OBJC_ISA_USAGE = YES_ERROR;
				CLANG_WARN_DOCUMENTATION_COMMENTS = YES;
				CLANG_WARN_EMPTY_BODY = YES;
				CLANG_WARN_ENUM_CONVERSION = YES;
				CLANG_WARN_INFINITE_RECURSION = YES;
				CLANG_WARN_INT_CONVERSION = YES;
				CLANG_WARN_NON_LITERAL_NULL_CONVERSION = YES;
				CLANG_WARN_OBJC_IMPLICIT_RETAIN_SELF = YES;
				CLANG_WARN_OBJC_LITERAL_CONVERSION = YES;
				CLANG_WARN_OBJC_ROOT_CLASS = YES_ERROR;
				CLANG_WARN_QUOTED_INCLUDE_IN_FRAMEWORK_HEADER = YES;
				CLANG_WARN_RANGE_LOOP_ANALYSIS = YES;
				CLANG_WARN_STRICT_PROTOTYPES = YES;
				CLANG_WARN_SUSPICIOUS_MOVE = YES;
				CLANG_WARN_UNGUARDED_AVAILABILITY = YES_AGGRESSIVE;
				CLANG_WARN_UNREACHABLE_CODE = YES;
				CLANG_WARN__DUPLICATE_METHOD_MATCH = YES;
				COPY_PHASE_STRIP = NO;
				DEBUG_INFORMATION_FORMAT = "dwarf-with-dsym";
				ENABLE_NS_ASSERTIONS = NO;
				ENABLE_STRICT_OBJC_MSGSEND = YES;
				ENABLE_USER_SCRIPT_SANDBOXING = YES;
				GCC_C_LANGUAGE_STANDARD = gnu17;
				GCC_NO_COMMON_BLOCKS = YES;
				GCC_WARN_64_TO_32_BIT_CONVERSION = YES;
				GCC_WARN_ABOUT_RETURN_TYPE = YES_ERROR;
				GCC_WARN_UNDECLARED_SELECTOR = YES;
				GCC_WARN_UNINITIALIZED_AUTOS = YES_AGGRESSIVE;
				GCC_WARN_UNUSED_FUNCTION = YES;
				GCC_WARN_UNUSED_VARIABLE = YES;
				IPHONEOS_DEPLOYMENT_TARGET = 17.5;
				LOCALIZATION_PREFERS_STRING_CATALOGS = YES;
				MTL_ENABLE_DEBUG_INFO = NO;
				MTL_FAST_MATH = YES;
				SDKROOT = iphoneos;
				SWIFT_COMPILATION_MODE = wholemodule;
				VALIDATE_PRODUCT = YES;
			};
			name = Release;
		};
		9BC9A95F2C5B1CB2001C781F /* Debug */ = {
			isa = XCBuildConfiguration;
			buildSettings = {
				ASSETCATALOG_COMPILER_APPICON_NAME = AppIcon;
				ASSETCATALOG_COMPILER_GLOBAL_ACCENT_COLOR_NAME = AccentColor;
				CODE_SIGN_STYLE = Automatic;
				CURRENT_PROJECT_VERSION = 1;
				DEVELOPMENT_ASSET_PATHS = "\"Fetch-iOSChallenge/Preview Content\"";
				DEVELOPMENT_TEAM = Q2MQTLB8FK;
				ENABLE_PREVIEWS = YES;
				GENERATE_INFOPLIST_FILE = YES;
				INFOPLIST_KEY_UIApplicationSceneManifest_Generation = YES;
				INFOPLIST_KEY_UIApplicationSupportsIndirectInputEvents = YES;
				INFOPLIST_KEY_UILaunchScreen_Generation = YES;
				INFOPLIST_KEY_UISupportedInterfaceOrientations_iPad = "UIInterfaceOrientationPortrait UIInterfaceOrientationPortraitUpsideDown UIInterfaceOrientationLandscapeLeft UIInterfaceOrientationLandscapeRight";
				INFOPLIST_KEY_UISupportedInterfaceOrientations_iPhone = "UIInterfaceOrientationPortrait UIInterfaceOrientationLandscapeLeft UIInterfaceOrientationLandscapeRight";
				LD_RUNPATH_SEARCH_PATHS = (
					"$(inherited)",
					"@executable_path/Frameworks",
				);
				MARKETING_VERSION = 1.0;
				PRODUCT_BUNDLE_IDENTIFIER = "jared-murray.Fetch-iOSChallenge";
				PRODUCT_NAME = "$(TARGET_NAME)";
				SWIFT_EMIT_LOC_STRINGS = YES;
				SWIFT_VERSION = 5.0;
				TARGETED_DEVICE_FAMILY = "1,2";
			};
			name = Debug;
		};
		9BC9A9602C5B1CB2001C781F /* Release */ = {
			isa = XCBuildConfiguration;
			buildSettings = {
				ASSETCATALOG_COMPILER_APPICON_NAME = AppIcon;
				ASSETCATALOG_COMPILER_GLOBAL_ACCENT_COLOR_NAME = AccentColor;
				CODE_SIGN_STYLE = Automatic;
				CURRENT_PROJECT_VERSION = 1;
				DEVELOPMENT_ASSET_PATHS = "\"Fetch-iOSChallenge/Preview Content\"";
				DEVELOPMENT_TEAM = Q2MQTLB8FK;
				ENABLE_PREVIEWS = YES;
				GENERATE_INFOPLIST_FILE = YES;
				INFOPLIST_KEY_UIApplicationSceneManifest_Generation = YES;
				INFOPLIST_KEY_UIApplicationSupportsIndirectInputEvents = YES;
				INFOPLIST_KEY_UILaunchScreen_Generation = YES;
				INFOPLIST_KEY_UISupportedInterfaceOrientations_iPad = "UIInterfaceOrientationPortrait UIInterfaceOrientationPortraitUpsideDown UIInterfaceOrientationLandscapeLeft UIInterfaceOrientationLandscapeRight";
				INFOPLIST_KEY_UISupportedInterfaceOrientations_iPhone = "UIInterfaceOrientationPortrait UIInterfaceOrientationLandscapeLeft UIInterfaceOrientationLandscapeRight";
				LD_RUNPATH_SEARCH_PATHS = (
					"$(inherited)",
					"@executable_path/Frameworks",
				);
				MARKETING_VERSION = 1.0;
				PRODUCT_BUNDLE_IDENTIFIER = "jared-murray.Fetch-iOSChallenge";
				PRODUCT_NAME = "$(TARGET_NAME)";
				SWIFT_EMIT_LOC_STRINGS = YES;
				SWIFT_VERSION = 5.0;
				TARGETED_DEVICE_FAMILY = "1,2";
			};
			name = Release;
		};
/* End XCBuildConfiguration section */

/* Begin XCConfigurationList section */
		9BC9A94B2C5B1CB1001C781F /* Build configuration list for PBXProject "Fetch-iOSChallenge" */ = {
			isa = XCConfigurationList;
			buildConfigurations = (
				9BC9A95C2C5B1CB2001C781F /* Debug */,
				9BC9A95D2C5B1CB2001C781F /* Release */,
			);
			defaultConfigurationIsVisible = 0;
			defaultConfigurationName = Release;
		};
		9BC9A95E2C5B1CB2001C781F /* Build configuration list for PBXNativeTarget "Fetch-iOSChallenge" */ = {
			isa = XCConfigurationList;
			buildConfigurations = (
				9BC9A95F2C5B1CB2001C781F /* Debug */,
				9BC9A9602C5B1CB2001C781F /* Release */,
			);
			defaultConfigurationIsVisible = 0;
			defaultConfigurationName = Release;
		};
/* End XCConfigurationList section */
	};
	rootObject = 9BC9A9482C5B1CB1001C781F /* Project object */;
}
